
Microsoft Visual Studio Solution File, Format Version 12.00
# Visual Studio 2012
Project("{FAE04EC0-301F-11D3-BF4B-00C04F79EFBC}") = "Virika", "Virika\Virika.csproj", "{FAE238E8-BB8B-4C80-ABD7-C7EF86EC94B3}"
EndProject
Global
	GlobalSection(SolutionConfigurationPlatforms) = preSolution
		Debug|Any CPU = Debug|Any CPU
		Release|Any CPU = Release|Any CPU
	EndGlobalSection
	GlobalSection(ProjectConfigurationPlatforms) = postSolution
		{FAE238E8-BB8B-4C80-ABD7-C7EF86EC94B3}.Debug|Any CPU.ActiveCfg = Debug|Any CPU
		{FAE238E8-BB8B-4C80-ABD7-C7EF86EC94B3}.Debug|Any CPU.Build.0 = Debug|Any CPU
		{FAE238E8-BB8B-4C80-ABD7-C7EF86EC94B3}.Release|Any CPU.ActiveCfg = Release|Any CPU
		{FAE238E8-BB8B-4C80-ABD7-C7EF86EC94B3}.Release|Any CPU.Build.0 = Release|Any CPU
	EndGlobalSection
	GlobalSection(SolutionProperties) = preSolution
		HideSolutionNode = FALSE
	EndGlobalSection
EndGlobal
